
Microsoft Visual Studio Solution File, Format Version 12.00
Project("{FAE04EC0-301F-11D3-BF4B-00C04F79EFBC}") = "Hosys.WebAPI", "Hosys.WebAPI\Hosys.WebAPI.csproj", "{1DC5913C-32C2-419C-BC2E-E33DC1A5189B}"
EndProject
Project("{FAE04EC0-301F-11D3-BF4B-00C04F79EFBC}") = "Hosys.Commons", "Hosys.Commons\Hosys.Commons.csproj", "{6F561D42-F3C3-4D69-8400-FBA7245822D3}"
EndProject
Global
	GlobalSection(SolutionConfigurationPlatforms) = preSolution
		Debug|Any CPU = Debug|Any CPU
		Release|Any CPU = Release|Any CPU
	EndGlobalSection
	GlobalSection(ProjectConfigurationPlatforms) = postSolution
		{1DC5913C-32C2-419C-BC2E-E33DC1A5189B}.Debug|Any CPU.ActiveCfg = Debug|Any CPU
		{1DC5913C-32C2-419C-BC2E-E33DC1A5189B}.Debug|Any CPU.Build.0 = Debug|Any CPU
		{1DC5913C-32C2-419C-BC2E-E33DC1A5189B}.Release|Any CPU.ActiveCfg = Release|Any CPU
		{1DC5913C-32C2-419C-BC2E-E33DC1A5189B}.Release|Any CPU.Build.0 = Release|Any CPU
		{6F561D42-F3C3-4D69-8400-FBA7245822D3}.Debug|Any CPU.ActiveCfg = Debug|Any CPU
		{6F561D42-F3C3-4D69-8400-FBA7245822D3}.Debug|Any CPU.Build.0 = Debug|Any CPU
		{6F561D42-F3C3-4D69-8400-FBA7245822D3}.Release|Any CPU.ActiveCfg = Release|Any CPU
		{6F561D42-F3C3-4D69-8400-FBA7245822D3}.Release|Any CPU.Build.0 = Release|Any CPU
	EndGlobalSection
EndGlobal
